
Microsoft Visual Studio Solution File, Format Version 12.00
# Visual Studio Version 17
VisualStudioVersion = 17.9.34728.123
MinimumVisualStudioVersion = 10.0.40219.1
Project("{FAE04EC0-301F-11D3-BF4B-00C04F79EFBC}") = "TradelendaInventoryAPI", "TradelendaInventoryAPI\TradelendaInventoryAPI.csproj", "{FAC6C966-D129-4CF5-8400-B54B0DFE135A}"
	ProjectSection(ProjectDependencies) = postProject
		{78F947EA-5645-40A3-8014-67C2825373C2} = {78F947EA-5645-40A3-8014-67C2825373C2}
		{815CEE38-038A-4A24-A095-B9AE0382DDE0} = {815CEE38-038A-4A24-A095-B9AE0382DDE0}
		{D2F2C070-B88C-42B4-86A1-C057963D932B} = {D2F2C070-B88C-42B4-86A1-C057963D932B}
	EndProjectSection
EndProject
Project("{FAE04EC0-301F-11D3-BF4B-00C04F79EFBC}") = "DataLayer", "DataLayer\DataLayer.csproj", "{D2F2C070-B88C-42B4-86A1-C057963D932B}"
	ProjectSection(ProjectDependencies) = postProject
		{78F947EA-5645-40A3-8014-67C2825373C2} = {78F947EA-5645-40A3-8014-67C2825373C2}
	EndProjectSection
EndProject
Project("{FAE04EC0-301F-11D3-BF4B-00C04F79EFBC}") = "BusinessLogic", "BusinessLogic\BusinessLogic.csproj", "{815CEE38-038A-4A24-A095-B9AE0382DDE0}"
	ProjectSection(ProjectDependencies) = postProject
		{D2F2C070-B88C-42B4-86A1-C057963D932B} = {D2F2C070-B88C-42B4-86A1-C057963D932B}
	EndProjectSection
EndProject
Project("{FAE04EC0-301F-11D3-BF4B-00C04F79EFBC}") = "Infracstructure", "Infracstructure\Infracstructure.csproj", "{78F947EA-5645-40A3-8014-67C2825373C2}"
EndProject
Global
	GlobalSection(SolutionConfigurationPlatforms) = preSolution
		Debug|Any CPU = Debug|Any CPU
		Release|Any CPU = Release|Any CPU
	EndGlobalSection
	GlobalSection(ProjectConfigurationPlatforms) = postSolution
		{FAC6C966-D129-4CF5-8400-B54B0DFE135A}.Debug|Any CPU.ActiveCfg = Debug|Any CPU
		{FAC6C966-D129-4CF5-8400-B54B0DFE135A}.Debug|Any CPU.Build.0 = Debug|Any CPU
		{FAC6C966-D129-4CF5-8400-B54B0DFE135A}.Release|Any CPU.ActiveCfg = Release|Any CPU
		{FAC6C966-D129-4CF5-8400-B54B0DFE135A}.Release|Any CPU.Build.0 = Release|Any CPU
		{D2F2C070-B88C-42B4-86A1-C057963D932B}.Debug|Any CPU.ActiveCfg = Debug|Any CPU
		{D2F2C070-B88C-42B4-86A1-C057963D932B}.Debug|Any CPU.Build.0 = Debug|Any CPU
		{D2F2C070-B88C-42B4-86A1-C057963D932B}.Release|Any CPU.ActiveCfg = Release|Any CPU
		{D2F2C070-B88C-42B4-86A1-C057963D932B}.Release|Any CPU.Build.0 = Release|Any CPU
		{815CEE38-038A-4A24-A095-B9AE0382DDE0}.Debug|Any CPU.ActiveCfg = Debug|Any CPU
		{815CEE38-038A-4A24-A095-B9AE0382DDE0}.Debug|Any CPU.Build.0 = Debug|Any CPU
		{815CEE38-038A-4A24-A095-B9AE0382DDE0}.Release|Any CPU.ActiveCfg = Release|Any CPU
		{815CEE38-038A-4A24-A095-B9AE0382DDE0}.Release|Any CPU.Build.0 = Release|Any CPU
		{78F947EA-5645-40A3-8014-67C2825373C2}.Debug|Any CPU.ActiveCfg = Debug|Any CPU
		{78F947EA-5645-40A3-8014-67C2825373C2}.Debug|Any CPU.Build.0 = Debug|Any CPU
		{78F947EA-5645-40A3-8014-67C2825373C2}.Release|Any CPU.ActiveCfg = Release|Any CPU
		{78F947EA-5645-40A3-8014-67C2825373C2}.Release|Any CPU.Build.0 = Release|Any CPU
	EndGlobalSection
	GlobalSection(SolutionProperties) = preSolution
		HideSolutionNode = FALSE
	EndGlobalSection
	GlobalSection(ExtensibilityGlobals) = postSolution
		SolutionGuid = {53F294C4-4FEE-4FFC-86CC-3BBBBBEBB421}
	EndGlobalSection
EndGlobal
